
Microsoft Visual Studio Solution File, Format Version 12.00
# Visual Studio 15
VisualStudioVersion = 15.0.28010.2016
MinimumVisualStudioVersion = 10.0.40219.1
Project("{8BC9CEB8-8B4A-11D0-8D11-00A0C91BC942}") = "SortTimeAnalysis_EMathew", "SortTimeAnalysis_EMathew\SortTimeAnalysis_EMathew.vcxproj", "{7ABAB0B1-5FCE-4FC7-9BAF-EE8EE2BE60F8}"
EndProject
Global
	GlobalSection(SolutionConfigurationPlatforms) = preSolution
		Debug|x64 = Debug|x64
		Debug|x86 = Debug|x86
		Release|x64 = Release|x64
		Release|x86 = Release|x86
	EndGlobalSection
	GlobalSection(ProjectConfigurationPlatforms) = postSolution
		{7ABAB0B1-5FCE-4FC7-9BAF-EE8EE2BE60F8}.Debug|x64.ActiveCfg = Debug|x64
		{7ABAB0B1-5FCE-4FC7-9BAF-EE8EE2BE60F8}.Debug|x64.Build.0 = Debug|x64
		{7ABAB0B1-5FCE-4FC7-9BAF-EE8EE2BE60F8}.Debug|x86.ActiveCfg = Debug|Win32
		{7ABAB0B1-5FCE-4FC7-9BAF-EE8EE2BE60F8}.Debug|x86.Build.0 = Debug|Win32
		{7ABAB0B1-5FCE-4FC7-9BAF-EE8EE2BE60F8}.Release|x64.ActiveCfg = Release|x64
		{7ABAB0B1-5FCE-4FC7-9BAF-EE8EE2BE60F8}.Release|x64.Build.0 = Release|x64
		{7ABAB0B1-5FCE-4FC7-9BAF-EE8EE2BE60F8}.Release|x86.ActiveCfg = Release|Win32
		{7ABAB0B1-5FCE-4FC7-9BAF-EE8EE2BE60F8}.Release|x86.Build.0 = Release|Win32
	EndGlobalSection
	GlobalSection(SolutionProperties) = preSolution
		HideSolutionNode = FALSE
	EndGlobalSection
	GlobalSection(ExtensibilityGlobals) = postSolution
		SolutionGuid = {67D5B72F-A13A-483B-87CF-320B8A9A9569}
	EndGlobalSection
EndGlobal
